
Microsoft Visual Studio Solution File, Format Version 12.00
# Visual Studio Version 16
VisualStudioVersion = 16.0.29519.87
MinimumVisualStudioVersion = 10.0.40219.1
Project("{8BC9CEB8-8B4A-11D0-8D11-00A0C91BC942}") = "ToyDLL", "ToyDLL\ToyDLL.vcxproj", "{4BE71187-A076-4DD5-901F-683A77890F99}"
EndProject
Project("{8BC9CEB8-8B4A-11D0-8D11-00A0C91BC942}") = "ToyCLR", "ToyCLR\ToyCLR.vcxproj", "{55DCC4AF-C089-46AF-B17B-F5EFC12E2A36}"
	ProjectSection(ProjectDependencies) = postProject
		{4BE71187-A076-4DD5-901F-683A77890F99} = {4BE71187-A076-4DD5-901F-683A77890F99}
	EndProjectSection
EndProject
Project("{FAE04EC0-301F-11D3-BF4B-00C04F79EFBC}") = "ToyCSharp", "ToyCSharp\ToyCSharp.csproj", "{5146E38C-3442-40A0-ACF1-29B4A27AC9B9}"
	ProjectSection(ProjectDependencies) = postProject
		{4BE71187-A076-4DD5-901F-683A77890F99} = {4BE71187-A076-4DD5-901F-683A77890F99}
	EndProjectSection
EndProject
Global
	GlobalSection(SolutionConfigurationPlatforms) = preSolution
		Debug|Any CPU = Debug|Any CPU
		Debug|x64 = Debug|x64
		Debug|x86 = Debug|x86
		Release|Any CPU = Release|Any CPU
		Release|x64 = Release|x64
		Release|x86 = Release|x86
	EndGlobalSection
	GlobalSection(ProjectConfigurationPlatforms) = postSolution
		{4BE71187-A076-4DD5-901F-683A77890F99}.Debug|Any CPU.ActiveCfg = Debug|Win32
		{4BE71187-A076-4DD5-901F-683A77890F99}.Debug|x64.ActiveCfg = Debug|x64
		{4BE71187-A076-4DD5-901F-683A77890F99}.Debug|x64.Build.0 = Debug|x64
		{4BE71187-A076-4DD5-901F-683A77890F99}.Debug|x86.ActiveCfg = Debug|Win32
		{4BE71187-A076-4DD5-901F-683A77890F99}.Debug|x86.Build.0 = Debug|Win32
		{4BE71187-A076-4DD5-901F-683A77890F99}.Release|Any CPU.ActiveCfg = Release|Win32
		{4BE71187-A076-4DD5-901F-683A77890F99}.Release|x64.ActiveCfg = Release|x64
		{4BE71187-A076-4DD5-901F-683A77890F99}.Release|x64.Build.0 = Release|x64
		{4BE71187-A076-4DD5-901F-683A77890F99}.Release|x86.ActiveCfg = Release|Win32
		{4BE71187-A076-4DD5-901F-683A77890F99}.Release|x86.Build.0 = Release|Win32
		{55DCC4AF-C089-46AF-B17B-F5EFC12E2A36}.Debug|Any CPU.ActiveCfg = Debug|Win32
		{55DCC4AF-C089-46AF-B17B-F5EFC12E2A36}.Debug|x64.ActiveCfg = Debug|x64
		{55DCC4AF-C089-46AF-B17B-F5EFC12E2A36}.Debug|x64.Build.0 = Debug|x64
		{55DCC4AF-C089-46AF-B17B-F5EFC12E2A36}.Debug|x86.ActiveCfg = Debug|Win32
		{55DCC4AF-C089-46AF-B17B-F5EFC12E2A36}.Debug|x86.Build.0 = Debug|Win32
		{55DCC4AF-C089-46AF-B17B-F5EFC12E2A36}.Release|Any CPU.ActiveCfg = Release|Win32
		{55DCC4AF-C089-46AF-B17B-F5EFC12E2A36}.Release|x64.ActiveCfg = Release|x64
		{55DCC4AF-C089-46AF-B17B-F5EFC12E2A36}.Release|x64.Build.0 = Release|x64
		{55DCC4AF-C089-46AF-B17B-F5EFC12E2A36}.Release|x86.ActiveCfg = Release|Win32
		{55DCC4AF-C089-46AF-B17B-F5EFC12E2A36}.Release|x86.Build.0 = Release|Win32
		{5146E38C-3442-40A0-ACF1-29B4A27AC9B9}.Debug|Any CPU.ActiveCfg = Debug|Any CPU
		{5146E38C-3442-40A0-ACF1-29B4A27AC9B9}.Debug|Any CPU.Build.0 = Debug|Any CPU
		{5146E38C-3442-40A0-ACF1-29B4A27AC9B9}.Debug|x64.ActiveCfg = Debug|Any CPU
		{5146E38C-3442-40A0-ACF1-29B4A27AC9B9}.Debug|x64.Build.0 = Debug|Any CPU
		{5146E38C-3442-40A0-ACF1-29B4A27AC9B9}.Debug|x86.ActiveCfg = Debug|Any CPU
		{5146E38C-3442-40A0-ACF1-29B4A27AC9B9}.Debug|x86.Build.0 = Debug|Any CPU
		{5146E38C-3442-40A0-ACF1-29B4A27AC9B9}.Release|Any CPU.ActiveCfg = Release|Any CPU
		{5146E38C-3442-40A0-ACF1-29B4A27AC9B9}.Release|Any CPU.Build.0 = Release|Any CPU
		{5146E38C-3442-40A0-ACF1-29B4A27AC9B9}.Release|x64.ActiveCfg = Release|Any CPU
		{5146E38C-3442-40A0-ACF1-29B4A27AC9B9}.Release|x64.Build.0 = Release|Any CPU
		{5146E38C-3442-40A0-ACF1-29B4A27AC9B9}.Release|x86.ActiveCfg = Release|Any CPU
		{5146E38C-3442-40A0-ACF1-29B4A27AC9B9}.Release|x86.Build.0 = Release|Any CPU
	EndGlobalSection
	GlobalSection(SolutionProperties) = preSolution
		HideSolutionNode = FALSE
	EndGlobalSection
	GlobalSection(ExtensibilityGlobals) = postSolution
		SolutionGuid = {E1F79440-3AEF-4309-BE1A-40F2923F7D30}
	EndGlobalSection
EndGlobal
